
Microsoft Visual Studio Solution File, Format Version 12.00
# Visual Studio 2012
Project("{FAE04EC0-301F-11D3-BF4B-00C04F79EFBC}") = "DotStepStarter", "DotStepStarter/DotStepStarter.csproj", "{AE589672-4AEB-43C5-9289-7331C4B865EF}"
EndProject
Global
	GlobalSection(SolutionConfigurationPlatforms) = preSolution
		Debug|Any CPU = Debug|Any CPU
		Release|Any CPU = Release|Any CPU
	EndGlobalSection
	GlobalSection(ProjectConfigurationPlatforms) = postSolution
		{AE589672-4AEB-43C5-9289-7331C4B865EF}.Debug|Any CPU.ActiveCfg = Debug|Any CPU
		{AE589672-4AEB-43C5-9289-7331C4B865EF}.Debug|Any CPU.Build.0 = Debug|Any CPU
		{AE589672-4AEB-43C5-9289-7331C4B865EF}.Release|Any CPU.ActiveCfg = Release|Any CPU
		{AE589672-4AEB-43C5-9289-7331C4B865EF}.Release|Any CPU.Build.0 = Release|Any CPU
	EndGlobalSection
EndGlobal
